{
  "lockfileVersion": 1,
  "configVersion": 1,
  "workspaces": {
    "": {
      "dependencies": {
        "@protontech/drive-sdk": "^0.9.4",
        "bcryptjs": "^3.0.3",
        "openpgp": "^6.3.0",
      },
    },
  },
  "packages": {
    "@noble/hashes": ["@noble/hashes@1.8.0", "", {}, "sha512-jCs9ldd7NwzpgXDIf6P3+NrHh9/sD6CQdxHyjQI+h/6rDNo88ypBxxz45UDuZHz9r3tNz7N/VInSVoVdtXEI4A=="],

    "@protontech/drive-sdk": ["@protontech/drive-sdk@0.9.4", "", { "dependencies": { "@noble/hashes": "^1.8.0", "bcryptjs": "^2.4.3", "ttag": "^1.8.7" } }, "sha512-OwdxIBt/+yU2ao+Nz2ESy71zlavdwTD1UefEDOygru/gQdvalwCim1hgR39+68zSoD5BzrPiqTyR53mHkJ7cUg=="],

    "bcryptjs": ["bcryptjs@3.0.3", "", { "bin": { "bcrypt": "bin/bcrypt" } }, "sha512-GlF5wPWnSa/X5LKM1o0wz0suXIINz1iHRLvTS+sLyi7XPbe5ycmYI3DlZqVGZZtDgl4DmasFg7gOB3JYbphV5g=="],

    "dedent": ["dedent@1.5.1", "", { "peerDependencies": { "babel-plugin-macros": "^3.1.0" }, "optionalPeers": ["babel-plugin-macros"] }, "sha512-+LxW+KLWxu3HW3M2w2ympwtqPrqYRzU8fqi6Fhd18fBALe15blJPI/I4+UHveMVG6lJqB4JNd4UG0S5cnVHwIg=="],

    "openpgp": ["openpgp@6.3.0", "", {}, "sha512-pLzCU8IgyKXPSO11eeharQkQ4GzOKNWhXq79pQarIRZEMt1/ssyr+MIuWBv1mNoenJLg04gvPx+fi4gcKZ4bag=="],

    "plural-forms": ["plural-forms@0.5.5", "", {}, "sha512-rJw4xp22izsfJOVqta5Hyvep2lR3xPkFUtj7dyQtpf/FbxUiX7PQCajTn2EHDRylizH5N/Uqqodfdu22I0ju+g=="],

    "ttag": ["ttag@1.8.12", "", { "dependencies": { "dedent": "1.5.1", "plural-forms": "^0.5.3" } }, "sha512-bg8IqDOY1MtJrWmBiY+Frl8T5dhDJ00du4jIaDh/Uwbo+UPyNPvBJcgfin/W+yTMEKLEs4Pve8YaygzJCMuvOg=="],

    "@protontech/drive-sdk/bcryptjs": ["bcryptjs@2.4.3", "", {}, "sha512-V/Hy/X9Vt7f3BbPJEi8BdVFMByHi+jNXrYkW3huaybV/kQ0KJg0Y6PkEMbn+zeT+i+SiKZ/HMqJGIIt4LZDqNQ=="],
  }
}
